
Microsoft Visual Studio Solution File, Format Version 12.00
# Visual Studio Version 17
VisualStudioVersion = 17.5.002.0
MinimumVisualStudioVersion = 10.0.40219.1
Project("{9A19103F-16F7-4668-BE54-9A1E7A4F7556}") = "GITPL", "GITPL.csproj", "{DCABE5B7-2B99-4F36-8BA2-6EA526517E2D}"
EndProject
Global
	GlobalSection(SolutionConfigurationPlatforms) = preSolution
		Debug|Any CPU = Debug|Any CPU
		Release|Any CPU = Release|Any CPU
	EndGlobalSection
	GlobalSection(ProjectConfigurationPlatforms) = postSolution
		{DCABE5B7-2B99-4F36-8BA2-6EA526517E2D}.Debug|Any CPU.ActiveCfg = Debug|Any CPU
		{DCABE5B7-2B99-4F36-8BA2-6EA526517E2D}.Debug|Any CPU.Build.0 = Debug|Any CPU
		{DCABE5B7-2B99-4F36-8BA2-6EA526517E2D}.Release|Any CPU.ActiveCfg = Release|Any CPU
		{DCABE5B7-2B99-4F36-8BA2-6EA526517E2D}.Release|Any CPU.Build.0 = Release|Any CPU
	EndGlobalSection
	GlobalSection(SolutionProperties) = preSolution
		HideSolutionNode = FALSE
	EndGlobalSection
	GlobalSection(ExtensibilityGlobals) = postSolution
		SolutionGuid = {BDD20A1D-6B96-4254-B78D-48B169938DE3}
	EndGlobalSection
EndGlobal
